
Microsoft Visual Studio Solution File, Format Version 12.00
# Visual Studio Version 17
VisualStudioVersion = 17.8.34511.84
MinimumVisualStudioVersion = 10.0.40219.1
Project("{9A19103F-16F7-4668-BE54-9A1E7A4F7556}") = "EduWorkAF", "EduWorkAF\EduWorkAF.csproj", "{849EFFC9-B64A-4CCD-B1F0-1A79BA3C8361}"
EndProject
Project("{FAE04EC0-301F-11D3-BF4B-00C04F79EFBC}") = "DataAccessLayer", "DataAccessLayer\DataAccessLayer.csproj", "{E3C74E7E-D760-42FD-BED6-FAAFE72BF870}"
EndProject
Global
	GlobalSection(SolutionConfigurationPlatforms) = preSolution
		Debug|Any CPU = Debug|Any CPU
		Release|Any CPU = Release|Any CPU
	EndGlobalSection
	GlobalSection(ProjectConfigurationPlatforms) = postSolution
		{849EFFC9-B64A-4CCD-B1F0-1A79BA3C8361}.Debug|Any CPU.ActiveCfg = Debug|Any CPU
		{849EFFC9-B64A-4CCD-B1F0-1A79BA3C8361}.Debug|Any CPU.Build.0 = Debug|Any CPU
		{849EFFC9-B64A-4CCD-B1F0-1A79BA3C8361}.Release|Any CPU.ActiveCfg = Release|Any CPU
		{849EFFC9-B64A-4CCD-B1F0-1A79BA3C8361}.Release|Any CPU.Build.0 = Release|Any CPU
		{E3C74E7E-D760-42FD-BED6-FAAFE72BF870}.Debug|Any CPU.ActiveCfg = Debug|Any CPU
		{E3C74E7E-D760-42FD-BED6-FAAFE72BF870}.Debug|Any CPU.Build.0 = Debug|Any CPU
		{E3C74E7E-D760-42FD-BED6-FAAFE72BF870}.Release|Any CPU.ActiveCfg = Release|Any CPU
		{E3C74E7E-D760-42FD-BED6-FAAFE72BF870}.Release|Any CPU.Build.0 = Release|Any CPU
	EndGlobalSection
	GlobalSection(SolutionProperties) = preSolution
		HideSolutionNode = FALSE
	EndGlobalSection
	GlobalSection(ExtensibilityGlobals) = postSolution
		SolutionGuid = {8E08EBD7-A91D-4314-9118-B1A0652C1672}
	EndGlobalSection
EndGlobal
